
Microsoft Visual Studio Solution File, Format Version 10.00
# Visual Studio 2008
Project("{FAE04EC0-301F-11D3-BF4B-00C04F79EFBC}") = "FunctionKeys2ControlKeysCF35", "FunctionKeys2ControlKeysCF35.csproj", "{064887B9-3F0C-44FA-8CC7-40EAA74BAD84}"
EndProject
Project("{FAE04EC0-301F-11D3-BF4B-00C04F79EFBC}") = "MapFKeystoCtrl+Number", "..\MapFKeystoCtrl+Number\MapFKeystoCtrl+Number.csproj", "{23F3F7AF-5102-49E9-A852-5EAE0BB1218B}"
EndProject
Global
	GlobalSection(SolutionConfigurationPlatforms) = preSolution
		Debug|Any CPU = Debug|Any CPU
		Release|Any CPU = Release|Any CPU
	EndGlobalSection
	GlobalSection(ProjectConfigurationPlatforms) = postSolution
		{064887B9-3F0C-44FA-8CC7-40EAA74BAD84}.Debug|Any CPU.ActiveCfg = Debug|Any CPU
		{064887B9-3F0C-44FA-8CC7-40EAA74BAD84}.Debug|Any CPU.Build.0 = Debug|Any CPU
		{064887B9-3F0C-44FA-8CC7-40EAA74BAD84}.Debug|Any CPU.Deploy.0 = Debug|Any CPU
		{064887B9-3F0C-44FA-8CC7-40EAA74BAD84}.Release|Any CPU.ActiveCfg = Release|Any CPU
		{064887B9-3F0C-44FA-8CC7-40EAA74BAD84}.Release|Any CPU.Build.0 = Release|Any CPU
		{064887B9-3F0C-44FA-8CC7-40EAA74BAD84}.Release|Any CPU.Deploy.0 = Release|Any CPU
		{23F3F7AF-5102-49E9-A852-5EAE0BB1218B}.Debug|Any CPU.ActiveCfg = Debug|Any CPU
		{23F3F7AF-5102-49E9-A852-5EAE0BB1218B}.Debug|Any CPU.Build.0 = Debug|Any CPU
		{23F3F7AF-5102-49E9-A852-5EAE0BB1218B}.Debug|Any CPU.Deploy.0 = Debug|Any CPU
		{23F3F7AF-5102-49E9-A852-5EAE0BB1218B}.Release|Any CPU.ActiveCfg = Release|Any CPU
		{23F3F7AF-5102-49E9-A852-5EAE0BB1218B}.Release|Any CPU.Build.0 = Release|Any CPU
		{23F3F7AF-5102-49E9-A852-5EAE0BB1218B}.Release|Any CPU.Deploy.0 = Release|Any CPU
	EndGlobalSection
	GlobalSection(SolutionProperties) = preSolution
		HideSolutionNode = FALSE
	EndGlobalSection
EndGlobal
