
Microsoft Visual Studio Solution File, Format Version 10.00
# Visual Studio 2008
Project("{FAE04EC0-301F-11D3-BF4B-00C04F79EFBC}") = "MapF5toCtrl-L", "MapF5toCtrl-L.csproj", "{1A10E297-9D1C-4556-B5C0-42021F786FF5}"
EndProject
Global
	GlobalSection(SolutionConfigurationPlatforms) = preSolution
		Debug|Any CPU = Debug|Any CPU
		Release|Any CPU = Release|Any CPU
	EndGlobalSection
	GlobalSection(ProjectConfigurationPlatforms) = postSolution
		{1A10E297-9D1C-4556-B5C0-42021F786FF5}.Debug|Any CPU.ActiveCfg = Debug|Any CPU
		{1A10E297-9D1C-4556-B5C0-42021F786FF5}.Debug|Any CPU.Build.0 = Debug|Any CPU
		{1A10E297-9D1C-4556-B5C0-42021F786FF5}.Debug|Any CPU.Deploy.0 = Debug|Any CPU
		{1A10E297-9D1C-4556-B5C0-42021F786FF5}.Release|Any CPU.ActiveCfg = Release|Any CPU
		{1A10E297-9D1C-4556-B5C0-42021F786FF5}.Release|Any CPU.Build.0 = Release|Any CPU
		{1A10E297-9D1C-4556-B5C0-42021F786FF5}.Release|Any CPU.Deploy.0 = Release|Any CPU
	EndGlobalSection
	GlobalSection(SolutionProperties) = preSolution
		HideSolutionNode = FALSE
	EndGlobalSection
EndGlobal
