
Microsoft Visual Studio Solution File, Format Version 10.00
# Visual Studio 2008
Project("{FAE04EC0-301F-11D3-BF4B-00C04F79EFBC}") = "CUSbKeysCStest2008", "CUSbKeysCStest2008.csproj", "{7945B7A5-E17C-4D51-9B71-48DD251F052C}"
EndProject
Project("{FAE04EC0-301F-11D3-BF4B-00C04F79EFBC}") = "CUsbKeysCS2008", "CUsbKeysCS\CUsbKeysCS\CUsbKeysCS2008.csproj", "{FB6F4507-EAF7-4CFE-B282-13481C604DFE}"
EndProject
Project("{FAE04EC0-301F-11D3-BF4B-00C04F79EFBC}") = "AllSideScan2_2008", "..\AllSideScan2\AllSideScan2_2008.csproj", "{B7593A26-43E3-4382-9DDC-A8F6D24D60CF}"
EndProject
Project("{FAE04EC0-301F-11D3-BF4B-00C04F79EFBC}") = "AllSideScan7xx_2008", "..\AllSideScan7xx_2008\AllSideScan7xx_2008.csproj", "{89C00F0E-6D6D-4665-954C-E0CCF6EED0A3}"
EndProject
Project("{FAE04EC0-301F-11D3-BF4B-00C04F79EFBC}") = "FunctionKeys2ControlKeysCF35", "..\FunctionKeys2ControlKeysCF2\FunctionKeys2ControlKeysCF35.csproj", "{064887B9-3F0C-44FA-8CC7-40EAA74BAD84}"
EndProject
Project("{FAE04EC0-301F-11D3-BF4B-00C04F79EFBC}") = "F1toTABS", "..\F1toTABS\F1toTABS.csproj", "{1A3878D4-92D1-4367-9958-9631314B816E}"
EndProject
Project("{FAE04EC0-301F-11D3-BF4B-00C04F79EFBC}") = "Action2Tabs", "..\Action2Tabs\Action2Tabs.csproj", "{1699DDDD-68A8-4E29-AB40-0A4F3D4EE610}"
EndProject
Project("{FAE04EC0-301F-11D3-BF4B-00C04F79EFBC}") = "F9toTABS", "..\F9toTABS\F9toTABS.csproj", "{397C884D-6636-4C0D-9B82-DFD0E33384F5}"
EndProject
Project("{FAE04EC0-301F-11D3-BF4B-00C04F79EFBC}") = "F12toTABS", "..\F12toTABS\F12toTABS.csproj", "{7041BAC1-B280-432F-9A72-BFA03A14A41E}"
EndProject
Project("{FAE04EC0-301F-11D3-BF4B-00C04F79EFBC}") = "F4-ctrlN_F5-ctrlG", "..\F3-ctrlN_F4-ctrlG\F4-ctrlN_F5-ctrlG.csproj", "{45F82217-DB50-4AA3-AD8D-066A091F0A91}"
EndProject
Project("{FAE04EC0-301F-11D3-BF4B-00C04F79EFBC}") = "MapScan2Multikey", "..\MapScan2Multikey\MapScan2Multikey.csproj", "{8E6C4F35-900A-49E1-9783-91C9496DBCF2}"
EndProject
Project("{FAE04EC0-301F-11D3-BF4B-00C04F79EFBC}") = "MapF1toF4toCtrl-w", "..\MapF1toF4toCtrl-w\MapF1toF4toCtrl-w.csproj", "{AC35373C-E9DC-4A2F-BD74-45CBDE36A34D}"
EndProject
Project("{FAE04EC0-301F-11D3-BF4B-00C04F79EFBC}") = "MapVol2Page", "..\MapVol2Page\MapVol2Page.csproj", "{03EE3B4F-6D92-4A94-9F61-68CA81FA0113}"
EndProject
Project("{FAE04EC0-301F-11D3-BF4B-00C04F79EFBC}") = "OrangeStickyOnce", "..\OrangeStickyOnce\OrangeStickyOnce.csproj", "{A841F8F8-5198-40D5-9F66-3CF9C4B88365}"
EndProject
Project("{FAE04EC0-301F-11D3-BF4B-00C04F79EFBC}") = "map_orange-1_to_f11", "..\map_orange-1_to_f11\map_orange-1_to_f11.csproj", "{47288518-60D7-4EA1-BB22-FD38A0861F23}"
	ProjectSection(ProjectDependencies) = postProject
		{FB6F4507-EAF7-4CFE-B282-13481C604DFE} = {FB6F4507-EAF7-4CFE-B282-13481C604DFE}
	EndProjectSection
EndProject
Project("{FAE04EC0-301F-11D3-BF4B-00C04F79EFBC}") = "MapScanToF3", "..\MapScanToF3\MapScanToF3.csproj", "{A594C6C4-E62E-4A42-A28C-7B7261E68E6D}"
EndProject
Project("{FAE04EC0-301F-11D3-BF4B-00C04F79EFBC}") = "MapFKey2CtrlFKey", "..\MapFKey2CtrlFKey\MapFKey2CtrlFKey.csproj", "{A7B9F543-37AF-40D2-9286-174BEE1F56F5}"
EndProject
Project("{FAE04EC0-301F-11D3-BF4B-00C04F79EFBC}") = "Orange2Ctrl", "..\Orange2Ctrl\Orange2Ctrl.csproj", "{FE260AB9-DAEC-47FB-8203-7A6EFFE62DA2}"
EndProject
Project("{FAE04EC0-301F-11D3-BF4B-00C04F79EFBC}") = "F5-F8_to_CtrlK-CtrlB", "..\F5-F8_to_CtrlK-CtrlB\F5-F8_to_CtrlK-CtrlB.csproj", "{403F6140-EB80-44B2-905A-76E9CB0CD7D3}"
EndProject
Project("{FAE04EC0-301F-11D3-BF4B-00C04F79EFBC}") = "mapKeyToALT-F4", "..\mapKeyToALT-F4\mapKeyToALT-F4.csproj", "{0517903E-E9CE-4545-A8F1-46EABD1E50BE}"
EndProject
Project("{FAE04EC0-301F-11D3-BF4B-00C04F79EFBC}") = "MapFKeys12", "..\MapFKeys12\MapFKeys12.csproj", "{AD8B827B-5837-4178-9310-F1B694F9EA62}"
EndProject
Project("{FAE04EC0-301F-11D3-BF4B-00C04F79EFBC}") = "MultiKeyTest1", "..\MultiKeyTest1\MultiKeyTest1.csproj", "{BD8DAD0E-FBB3-4F38-973C-E2F167C44188}"
EndProject
Project("{FAE04EC0-301F-11D3-BF4B-00C04F79EFBC}") = "MapF1toCtrl-A", "..\MapF1toCtrl-A\MapF1toCtrl-A.csproj", "{95148C53-AF37-473A-85FC-ED6C0A9B61A5}"
EndProject
Global
	GlobalSection(SubversionScc) = preSolution
		Svn-Managed = True
		Manager = AnkhSVN - Subversion Support for Visual Studio
	EndGlobalSection
	GlobalSection(SolutionConfigurationPlatforms) = preSolution
		Debug|Any CPU = Debug|Any CPU
		Release|Any CPU = Release|Any CPU
	EndGlobalSection
	GlobalSection(ProjectConfigurationPlatforms) = postSolution
		{7945B7A5-E17C-4D51-9B71-48DD251F052C}.Debug|Any CPU.ActiveCfg = Debug|Any CPU
		{7945B7A5-E17C-4D51-9B71-48DD251F052C}.Release|Any CPU.ActiveCfg = Release|Any CPU
		{FB6F4507-EAF7-4CFE-B282-13481C604DFE}.Debug|Any CPU.ActiveCfg = Debug|Any CPU
		{FB6F4507-EAF7-4CFE-B282-13481C604DFE}.Debug|Any CPU.Build.0 = Debug|Any CPU
		{FB6F4507-EAF7-4CFE-B282-13481C604DFE}.Release|Any CPU.ActiveCfg = Release|Any CPU
		{FB6F4507-EAF7-4CFE-B282-13481C604DFE}.Release|Any CPU.Build.0 = Release|Any CPU
		{B7593A26-43E3-4382-9DDC-A8F6D24D60CF}.Debug|Any CPU.ActiveCfg = Debug|Any CPU
		{B7593A26-43E3-4382-9DDC-A8F6D24D60CF}.Release|Any CPU.ActiveCfg = Release|Any CPU
		{89C00F0E-6D6D-4665-954C-E0CCF6EED0A3}.Debug|Any CPU.ActiveCfg = Debug|Any CPU
		{89C00F0E-6D6D-4665-954C-E0CCF6EED0A3}.Release|Any CPU.ActiveCfg = Release|Any CPU
		{064887B9-3F0C-44FA-8CC7-40EAA74BAD84}.Debug|Any CPU.ActiveCfg = Debug|Any CPU
		{064887B9-3F0C-44FA-8CC7-40EAA74BAD84}.Release|Any CPU.ActiveCfg = Release|Any CPU
		{1A3878D4-92D1-4367-9958-9631314B816E}.Debug|Any CPU.ActiveCfg = Debug|Any CPU
		{1A3878D4-92D1-4367-9958-9631314B816E}.Release|Any CPU.ActiveCfg = Release|Any CPU
		{1699DDDD-68A8-4E29-AB40-0A4F3D4EE610}.Debug|Any CPU.ActiveCfg = Debug|Any CPU
		{1699DDDD-68A8-4E29-AB40-0A4F3D4EE610}.Release|Any CPU.ActiveCfg = Release|Any CPU
		{397C884D-6636-4C0D-9B82-DFD0E33384F5}.Debug|Any CPU.ActiveCfg = Debug|Any CPU
		{397C884D-6636-4C0D-9B82-DFD0E33384F5}.Release|Any CPU.ActiveCfg = Release|Any CPU
		{7041BAC1-B280-432F-9A72-BFA03A14A41E}.Debug|Any CPU.ActiveCfg = Debug|Any CPU
		{7041BAC1-B280-432F-9A72-BFA03A14A41E}.Release|Any CPU.ActiveCfg = Release|Any CPU
		{45F82217-DB50-4AA3-AD8D-066A091F0A91}.Debug|Any CPU.ActiveCfg = Debug|Any CPU
		{45F82217-DB50-4AA3-AD8D-066A091F0A91}.Release|Any CPU.ActiveCfg = Release|Any CPU
		{8E6C4F35-900A-49E1-9783-91C9496DBCF2}.Debug|Any CPU.ActiveCfg = Debug|Any CPU
		{8E6C4F35-900A-49E1-9783-91C9496DBCF2}.Release|Any CPU.ActiveCfg = Release|Any CPU
		{AC35373C-E9DC-4A2F-BD74-45CBDE36A34D}.Debug|Any CPU.ActiveCfg = Debug|Any CPU
		{AC35373C-E9DC-4A2F-BD74-45CBDE36A34D}.Release|Any CPU.ActiveCfg = Release|Any CPU
		{03EE3B4F-6D92-4A94-9F61-68CA81FA0113}.Debug|Any CPU.ActiveCfg = Debug|Any CPU
		{03EE3B4F-6D92-4A94-9F61-68CA81FA0113}.Release|Any CPU.ActiveCfg = Release|Any CPU
		{A841F8F8-5198-40D5-9F66-3CF9C4B88365}.Debug|Any CPU.ActiveCfg = Debug|Any CPU
		{A841F8F8-5198-40D5-9F66-3CF9C4B88365}.Release|Any CPU.ActiveCfg = Release|Any CPU
		{47288518-60D7-4EA1-BB22-FD38A0861F23}.Debug|Any CPU.ActiveCfg = Debug|Any CPU
		{47288518-60D7-4EA1-BB22-FD38A0861F23}.Release|Any CPU.ActiveCfg = Release|Any CPU
		{A594C6C4-E62E-4A42-A28C-7B7261E68E6D}.Debug|Any CPU.ActiveCfg = Debug|Any CPU
		{A594C6C4-E62E-4A42-A28C-7B7261E68E6D}.Release|Any CPU.ActiveCfg = Release|Any CPU
		{A7B9F543-37AF-40D2-9286-174BEE1F56F5}.Debug|Any CPU.ActiveCfg = Debug|Any CPU
		{A7B9F543-37AF-40D2-9286-174BEE1F56F5}.Release|Any CPU.ActiveCfg = Release|Any CPU
		{FE260AB9-DAEC-47FB-8203-7A6EFFE62DA2}.Debug|Any CPU.ActiveCfg = Debug|Any CPU
		{FE260AB9-DAEC-47FB-8203-7A6EFFE62DA2}.Release|Any CPU.ActiveCfg = Release|Any CPU
		{403F6140-EB80-44B2-905A-76E9CB0CD7D3}.Debug|Any CPU.ActiveCfg = Debug|Any CPU
		{403F6140-EB80-44B2-905A-76E9CB0CD7D3}.Release|Any CPU.ActiveCfg = Release|Any CPU
		{0517903E-E9CE-4545-A8F1-46EABD1E50BE}.Debug|Any CPU.ActiveCfg = Debug|Any CPU
		{0517903E-E9CE-4545-A8F1-46EABD1E50BE}.Release|Any CPU.ActiveCfg = Release|Any CPU
		{0517903E-E9CE-4545-A8F1-46EABD1E50BE}.Release|Any CPU.Build.0 = Release|Any CPU
		{0517903E-E9CE-4545-A8F1-46EABD1E50BE}.Release|Any CPU.Deploy.0 = Release|Any CPU
		{AD8B827B-5837-4178-9310-F1B694F9EA62}.Debug|Any CPU.ActiveCfg = Debug|Any CPU
		{AD8B827B-5837-4178-9310-F1B694F9EA62}.Release|Any CPU.ActiveCfg = Release|Any CPU
		{AD8B827B-5837-4178-9310-F1B694F9EA62}.Release|Any CPU.Build.0 = Release|Any CPU
		{AD8B827B-5837-4178-9310-F1B694F9EA62}.Release|Any CPU.Deploy.0 = Release|Any CPU
		{BD8DAD0E-FBB3-4F38-973C-E2F167C44188}.Debug|Any CPU.ActiveCfg = Debug|Any CPU
		{BD8DAD0E-FBB3-4F38-973C-E2F167C44188}.Release|Any CPU.ActiveCfg = Release|Any CPU
		{BD8DAD0E-FBB3-4F38-973C-E2F167C44188}.Release|Any CPU.Build.0 = Release|Any CPU
		{BD8DAD0E-FBB3-4F38-973C-E2F167C44188}.Release|Any CPU.Deploy.0 = Release|Any CPU
		{95148C53-AF37-473A-85FC-ED6C0A9B61A5}.Debug|Any CPU.ActiveCfg = Debug|Any CPU
		{95148C53-AF37-473A-85FC-ED6C0A9B61A5}.Debug|Any CPU.Build.0 = Debug|Any CPU
		{95148C53-AF37-473A-85FC-ED6C0A9B61A5}.Debug|Any CPU.Deploy.0 = Debug|Any CPU
		{95148C53-AF37-473A-85FC-ED6C0A9B61A5}.Release|Any CPU.ActiveCfg = Release|Any CPU
		{95148C53-AF37-473A-85FC-ED6C0A9B61A5}.Release|Any CPU.Build.0 = Release|Any CPU
		{95148C53-AF37-473A-85FC-ED6C0A9B61A5}.Release|Any CPU.Deploy.0 = Release|Any CPU
	EndGlobalSection
	GlobalSection(SolutionProperties) = preSolution
		HideSolutionNode = FALSE
	EndGlobalSection
EndGlobal
