
Microsoft Visual Studio Solution File, Format Version 9.00
# Visual Studio 2005
Project("{FAE04EC0-301F-11D3-BF4B-00C04F79EFBC}") = "CUSbKeysCStest2005", "CUSbKeysCStest2005.csproj", "{7945B7A5-E17C-4D51-9B71-48DD251F052C}"
EndProject
Project("{FAE04EC0-301F-11D3-BF4B-00C04F79EFBC}") = "CUsbKeysCS2005", "CUsbKeysCS\CUsbKeysCS\CUsbKeysCS2005.csproj", "{FB6F4507-EAF7-4CFE-B282-13481C604DFE}"
EndProject
Project("{FAE04EC0-301F-11D3-BF4B-00C04F79EFBC}") = "AllSideScan2_2005", "..\AllSideScan2\AllSideScan2_2005.csproj", "{B7593A26-43E3-4382-9DDC-A8F6D24D60CF}"
EndProject
Project("{FAE04EC0-301F-11D3-BF4B-00C04F79EFBC}") = "FunctionKeys2ControlKeysCF2", "..\FunctionKeys2ControlKeysCF2\FunctionKeys2ControlKeysCF2.csproj", "{064887B9-3F0C-44FA-8CC7-40EAA74BAD84}"
EndProject
Project("{FAE04EC0-301F-11D3-BF4B-00C04F79EFBC}") = "CK3_scan2fldexit_vs5", "..\CK3_scan2fldexit_vs5\CK3_scan2fldexit_vs5.csproj", "{69DC09E2-424A-4B1E-9B9D-8187AF3EDFD5}"
EndProject
Global
	GlobalSection(SubversionScc) = preSolution
		Svn-Managed = True
		Manager = AnkhSVN - Subversion Support for Visual Studio
	EndGlobalSection
	GlobalSection(SolutionConfigurationPlatforms) = preSolution
		Debug|Any CPU = Debug|Any CPU
		Release|Any CPU = Release|Any CPU
	EndGlobalSection
	GlobalSection(ProjectConfigurationPlatforms) = postSolution
		{7945B7A5-E17C-4D51-9B71-48DD251F052C}.Debug|Any CPU.ActiveCfg = Debug|Any CPU
		{7945B7A5-E17C-4D51-9B71-48DD251F052C}.Release|Any CPU.ActiveCfg = Release|Any CPU
		{7945B7A5-E17C-4D51-9B71-48DD251F052C}.Release|Any CPU.Build.0 = Release|Any CPU
		{7945B7A5-E17C-4D51-9B71-48DD251F052C}.Release|Any CPU.Deploy.0 = Release|Any CPU
		{FB6F4507-EAF7-4CFE-B282-13481C604DFE}.Debug|Any CPU.ActiveCfg = Debug|Any CPU
		{FB6F4507-EAF7-4CFE-B282-13481C604DFE}.Debug|Any CPU.Build.0 = Debug|Any CPU
		{FB6F4507-EAF7-4CFE-B282-13481C604DFE}.Debug|Any CPU.Deploy.0 = Debug|Any CPU
		{FB6F4507-EAF7-4CFE-B282-13481C604DFE}.Release|Any CPU.ActiveCfg = Release|Any CPU
		{FB6F4507-EAF7-4CFE-B282-13481C604DFE}.Release|Any CPU.Build.0 = Release|Any CPU
		{B7593A26-43E3-4382-9DDC-A8F6D24D60CF}.Debug|Any CPU.ActiveCfg = Debug|Any CPU
		{B7593A26-43E3-4382-9DDC-A8F6D24D60CF}.Release|Any CPU.ActiveCfg = Release|Any CPU
		{B7593A26-43E3-4382-9DDC-A8F6D24D60CF}.Release|Any CPU.Build.0 = Release|Any CPU
		{B7593A26-43E3-4382-9DDC-A8F6D24D60CF}.Release|Any CPU.Deploy.0 = Release|Any CPU
		{064887B9-3F0C-44FA-8CC7-40EAA74BAD84}.Debug|Any CPU.ActiveCfg = Debug|Any CPU
		{064887B9-3F0C-44FA-8CC7-40EAA74BAD84}.Release|Any CPU.ActiveCfg = Release|Any CPU
		{064887B9-3F0C-44FA-8CC7-40EAA74BAD84}.Release|Any CPU.Build.0 = Release|Any CPU
		{064887B9-3F0C-44FA-8CC7-40EAA74BAD84}.Release|Any CPU.Deploy.0 = Release|Any CPU
		{69DC09E2-424A-4B1E-9B9D-8187AF3EDFD5}.Debug|Any CPU.ActiveCfg = Debug|Any CPU
		{69DC09E2-424A-4B1E-9B9D-8187AF3EDFD5}.Debug|Any CPU.Build.0 = Debug|Any CPU
		{69DC09E2-424A-4B1E-9B9D-8187AF3EDFD5}.Debug|Any CPU.Deploy.0 = Debug|Any CPU
		{69DC09E2-424A-4B1E-9B9D-8187AF3EDFD5}.Release|Any CPU.ActiveCfg = Release|Any CPU
		{69DC09E2-424A-4B1E-9B9D-8187AF3EDFD5}.Release|Any CPU.Build.0 = Release|Any CPU
		{69DC09E2-424A-4B1E-9B9D-8187AF3EDFD5}.Release|Any CPU.Deploy.0 = Release|Any CPU
	EndGlobalSection
	GlobalSection(SolutionProperties) = preSolution
		HideSolutionNode = FALSE
	EndGlobalSection
EndGlobal
